{
  "nodes": {
    "disko": {
      "inputs": {
        "nixpkgs": [
          "nixpkgs"
        ]
      },
      "locked": {
        "lastModified": 1766150702,
        "narHash": "sha256-P0kM+5o+DKnB6raXgFEk3azw8Wqg5FL6wyl9jD+G5a4=",
        "owner": "nix-community",
        "repo": "disko",
        "rev": "916506443ecd0d0b4a0f4cf9d40a3c22ce39b378",
        "type": "github"
      },
      "original": {
        "owner": "nix-community",
        "repo": "disko",
        "type": "github"
      }
    },
    "flake-compat": {
      "locked": {
        "lastModified": 1733328505,
        "narHash": "sha256-NeCCThCEP3eCl2l/+27kNNK7QrwZB1IJCrXfrbv5oqU=",
        "rev": "ff81ac966bb2cae68946d5ed5fc4994f96d0ffec",
        "revCount": 69,
        "type": "tarball",
        "url": "https://api.flakehub.com/f/pinned/edolstra/flake-compat/1.1.0/01948eb7-9cba-704f-bbf3-3fa956735b52/source.tar.gz"
      },
      "original": {
        "type": "tarball",
        "url": "https://flakehub.com/f/edolstra/flake-compat/1.tar.gz"
      }
    },
    "flake-parts": {
      "inputs": {
        "nixpkgs-lib": "nixpkgs-lib"
      },
      "locked": {
        "lastModified": 1765835352,
        "narHash": "sha256-XswHlK/Qtjasvhd1nOa1e8MgZ8GS//jBoTqWtrS1Giw=",
        "owner": "hercules-ci",
        "repo": "flake-parts",
        "rev": "a34fae9c08a15ad73f295041fec82323541400a9",
        "type": "github"
      },
      "original": {
        "owner": "hercules-ci",
        "repo": "flake-parts",
        "type": "github"
      }
    },
    "home-manager": {
      "inputs": {
        "nixpkgs": [
          "nixpkgs"
        ]
      },
      "locked": {
        "lastModified": 1767910483,
        "narHash": "sha256-MOU5YdVu4DVwuT5ztXgQpPuRRBjSjUGIdUzOQr9iQOY=",
        "owner": "nix-community",
        "repo": "home-manager",
        "rev": "82fb7dedaad83e5e279127a38ef410bcfac6d77c",
        "type": "github"
      },
      "original": {
        "owner": "nix-community",
        "ref": "release-25.11",
        "repo": "home-manager",
        "type": "github"
      }
    },
    "nix-flatpak": {
      "locked": {
        "lastModified": 1739444422,
        "narHash": "sha256-iAVVHi7X3kWORftY+LVbRiStRnQEob2TULWyjMS6dWg=",
        "owner": "gmodena",
        "repo": "nix-flatpak",
        "rev": "5e54c3ca05a7c7d968ae1ddeabe01d2a9bc1e177",
        "type": "github"
      },
      "original": {
        "owner": "gmodena",
        "ref": "v0.6.0",
        "repo": "nix-flatpak",
        "type": "github"
      }
    },
    "nixcord": {
      "inputs": {
        "flake-compat": "flake-compat",
        "flake-parts": "flake-parts",
        "nixpkgs": [
          "nixpkgs"
        ]
      },
      "locked": {
        "lastModified": 1767945775,
        "narHash": "sha256-HGgZxc+tehyQ8O0rBZyyoVRCw08b5cvpHOXUaXgjBbg=",
        "owner": "kaylorben",
        "repo": "nixcord",
        "rev": "28a7a983a3816f2bee9fad7efc46e7c5e0eefdeb",
        "type": "github"
      },
      "original": {
        "owner": "kaylorben",
        "repo": "nixcord",
        "type": "github"
      }
    },
    "nixpkgs": {
      "locked": {
        "lastModified": 1767799921,
        "narHash": "sha256-r4GVX+FToWVE2My8VVZH4V0pTIpnu2ZE8/Z4uxGEMBE=",
        "owner": "nixos",
        "repo": "nixpkgs",
        "rev": "d351d0653aeb7877273920cd3e823994e7579b0b",
        "type": "github"
      },
      "original": {
        "owner": "nixos",
        "ref": "nixos-25.11",
        "repo": "nixpkgs",
        "type": "github"
      }
    },
    "nixpkgs-lib": {
      "locked": {
        "lastModified": 1765674936,
        "narHash": "sha256-k00uTP4JNfmejrCLJOwdObYC9jHRrr/5M/a/8L2EIdo=",
        "owner": "nix-community",
        "repo": "nixpkgs.lib",
        "rev": "2075416fcb47225d9b68ac469a5c4801a9c4dd85",
        "type": "github"
      },
      "original": {
        "owner": "nix-community",
        "repo": "nixpkgs.lib",
        "type": "github"
      }
    },
    "nixpkgs-unstable": {
      "locked": {
        "lastModified": 1767892417,
        "narHash": "sha256-dhhvQY67aboBk8b0/u0XB6vwHdgbROZT3fJAjyNh5Ww=",
        "owner": "nixos",
        "repo": "nixpkgs",
        "rev": "3497aa5c9457a9d88d71fa93a4a8368816fbeeba",
        "type": "github"
      },
      "original": {
        "owner": "nixos",
        "ref": "nixos-unstable",
        "repo": "nixpkgs",
        "type": "github"
      }
    },
    "root": {
      "inputs": {
        "disko": "disko",
        "home-manager": "home-manager",
        "nix-flatpak": "nix-flatpak",
        "nixcord": "nixcord",
        "nixpkgs": "nixpkgs",
        "nixpkgs-unstable": "nixpkgs-unstable",
        "sops-nix": "sops-nix"
      }
    },
    "sops-nix": {
      "inputs": {
        "nixpkgs": [
          "nixpkgs"
        ]
      },
      "locked": {
        "lastModified": 1767826491,
        "narHash": "sha256-WSBENPotD2MIhZwolL6GC9npqgaS5fkM7j07V2i/Ur8=",
        "owner": "Mic92",
        "repo": "sops-nix",
        "rev": "ea3adcb6d2a000d9a69d0e23cad1f2cacb3a9fbe",
        "type": "github"
      },
      "original": {
        "owner": "Mic92",
        "repo": "sops-nix",
        "type": "github"
      }
    }
  },
  "root": "root",
  "version": 7
}
